
Microsoft Visual Studio Solution File, Format Version 12.00
# Visual Studio Version 17
VisualStudioVersion = 17.2.32630.192
MinimumVisualStudioVersion = 10.0.40219.1
Project("{FAE04EC0-301F-11D3-BF4B-00C04F79EFBC}") = "User_Registration_Exercise_1", "User_Registration_Exercise_1\User_Registration_Exercise_1.csproj", "{6BE6E8EA-C136-4DFC-8BB8-3E7BC32C8769}"
EndProject
Global
	GlobalSection(SolutionConfigurationPlatforms) = preSolution
		Debug|Any CPU = Debug|Any CPU
		Release|Any CPU = Release|Any CPU
	EndGlobalSection
	GlobalSection(ProjectConfigurationPlatforms) = postSolution
		{6BE6E8EA-C136-4DFC-8BB8-3E7BC32C8769}.Debug|Any CPU.ActiveCfg = Debug|Any CPU
		{6BE6E8EA-C136-4DFC-8BB8-3E7BC32C8769}.Debug|Any CPU.Build.0 = Debug|Any CPU
		{6BE6E8EA-C136-4DFC-8BB8-3E7BC32C8769}.Release|Any CPU.ActiveCfg = Release|Any CPU
		{6BE6E8EA-C136-4DFC-8BB8-3E7BC32C8769}.Release|Any CPU.Build.0 = Release|Any CPU
	EndGlobalSection
	GlobalSection(SolutionProperties) = preSolution
		HideSolutionNode = FALSE
	EndGlobalSection
	GlobalSection(ExtensibilityGlobals) = postSolution
		SolutionGuid = {39604520-4CD0-425A-94BC-EE6C2F120896}
	EndGlobalSection
EndGlobal
